// !$*UTF8*$!
{
	archiveVersion = 1;
	classes = {
	};
	objectVersion = 50;
	objects = {

/* Begin PBXBuildFile section */
		D93DE4B024DB721100C3DEED /* passData.swift in Sources */ = {isa = PBXBuildFile; fileRef = D93DE4AF24DB721100C3DEED /* passData.swift */; };
		D93DE4B224DB724D00C3DEED /* passDataVC.swift in Sources */ = {isa = PBXBuildFile; fileRef = D93DE4B124DB724D00C3DEED /* passDataVC.swift */; };
		D94CFD8024E00907003DA377 /* Quran.swift in Sources */ = {isa = PBXBuildFile; fileRef = D94CFD7F24E00907003DA377 /* Quran.swift */; };
		D94CFD8224E0120A003DA377 /* quranloder.swift in Sources */ = {isa = PBXBuildFile; fileRef = D94CFD8124E0120A003DA377 /* quranloder.swift */; };
		D94CFD8424E013CA003DA377 /* QuranVc.swift in Sources */ = {isa = PBXBuildFile; fileRef = D94CFD8324E013CA003DA377 /* QuranVc.swift */; };
		D94CFD8624E013E7003DA377 /* QuranCell.swift in Sources */ = {isa = PBXBuildFile; fileRef = D94CFD8524E013E7003DA377 /* QuranCell.swift */; };
		D94CFD8A24E02C99003DA377 /* qk.json in Resources */ = {isa = PBXBuildFile; fileRef = D94CFD8924E02C99003DA377 /* qk.json */; };
		D970527324DB5E1B00507F54 /* AzkarVc.swift in Sources */ = {isa = PBXBuildFile; fileRef = D970527224DB5E1B00507F54 /* AzkarVc.swift */; };
		D970527524DB600C00507F54 /* AzkarCell.swift in Sources */ = {isa = PBXBuildFile; fileRef = D970527424DB600C00507F54 /* AzkarCell.swift */; };
		D976CBA124D049D700706B8E /* AppDelegate.swift in Sources */ = {isa = PBXBuildFile; fileRef = D976CBA024D049D700706B8E /* AppDelegate.swift */; };
		D976CBA324D049D700706B8E /* SceneDelegate.swift in Sources */ = {isa = PBXBuildFile; fileRef = D976CBA224D049D700706B8E /* SceneDelegate.swift */; };
		D976CBA524D049D700706B8E /* ViewController.swift in Sources */ = {isa = PBXBuildFile; fileRef = D976CBA424D049D700706B8E /* ViewController.swift */; };
		D976CBA824D049D700706B8E /* Main.storyboard in Resources */ = {isa = PBXBuildFile; fileRef = D976CBA624D049D700706B8E /* Main.storyboard */; };
		D976CBAA24D049DF00706B8E /* Assets.xcassets in Resources */ = {isa = PBXBuildFile; fileRef = D976CBA924D049DF00706B8E /* Assets.xcassets */; };
		D976CBAD24D049DF00706B8E /* LaunchScreen.storyboard in Resources */ = {isa = PBXBuildFile; fileRef = D976CBAB24D049DF00706B8E /* LaunchScreen.storyboard */; };
		D976CBB624D04A3600706B8E /* azkar.json in Resources */ = {isa = PBXBuildFile; fileRef = D976CBB424D04A3600706B8E /* azkar.json */; };
		D976CBB724D04A3600706B8E /* fakehadith.json in Resources */ = {isa = PBXBuildFile; fileRef = D976CBB524D04A3600706B8E /* fakehadith.json */; };
		D976CBBB24D04D3C00706B8E /* Azkar.swift in Sources */ = {isa = PBXBuildFile; fileRef = D976CBB924D04D3C00706B8E /* Azkar.swift */; };
		D976CBC124D04E5600706B8E /*  Dataloader.swift in Sources */ = {isa = PBXBuildFile; fileRef = D976CBC024D04E5600706B8E /*  Dataloader.swift */; };
		D976CBC424D0651300706B8E /* shows.swift in Sources */ = {isa = PBXBuildFile; fileRef = D976CBC224D0651300706B8E /* shows.swift */; };
		D976CBC524D0651300706B8E /* shows.xib in Resources */ = {isa = PBXBuildFile; fileRef = D976CBC324D0651300706B8E /* shows.xib */; };
		D976CBC724D0824500706B8E /* Tasbih.swift in Sources */ = {isa = PBXBuildFile; fileRef = D976CBC624D0824500706B8E /* Tasbih.swift */; };
		D9B3C79A24DC510600232254 /* FakedHadith.swift in Sources */ = {isa = PBXBuildFile; fileRef = D9B3C79924DC510600232254 /* FakedHadith.swift */; };
		D9B3C79C24DC522300232254 /* hadithloader.swift in Sources */ = {isa = PBXBuildFile; fileRef = D9B3C79B24DC522300232254 /* hadithloader.swift */; };
		D9B3C79E24DC543200232254 /* hadithFake.swift in Sources */ = {isa = PBXBuildFile; fileRef = D9B3C79D24DC543200232254 /* hadithFake.swift */; };
		D9B3C7A024DC545400232254 /* hatithfackecell.swift in Sources */ = {isa = PBXBuildFile; fileRef = D9B3C79F24DC545400232254 /* hatithfackecell.swift */; };
/* End PBXBuildFile section */

/* Begin PBXFileReference section */
		D93DE4AF24DB721100C3DEED /* passData.swift */ = {isa = PBXFileReference; lastKnownFileType = sourcecode.swift; path = passData.swift; sourceTree = "<group>"; };
		D93DE4B124DB724D00C3DEED /* passDataVC.swift */ = {isa = PBXFileReference; lastKnownFileType = sourcecode.swift; path = passDataVC.swift; sourceTree = "<group>"; };
		D94CFD7F24E00907003DA377 /* Quran.swift */ = {isa = PBXFileReference; lastKnownFileType = sourcecode.swift; path = Quran.swift; sourceTree = "<group>"; };
		D94CFD8124E0120A003DA377 /* quranloder.swift */ = {isa = PBXFileReference; lastKnownFileType = sourcecode.swift; path = quranloder.swift; sourceTree = "<group>"; };
		D94CFD8324E013CA003DA377 /* QuranVc.swift */ = {isa = PBXFileReference; lastKnownFileType = sourcecode.swift; path = QuranVc.swift; sourceTree = "<group>"; };
		D94CFD8524E013E7003DA377 /* QuranCell.swift */ = {isa = PBXFileReference; lastKnownFileType = sourcecode.swift; path = QuranCell.swift; sourceTree = "<group>"; };
		D94CFD8924E02C99003DA377 /* qk.json */ = {isa = PBXFileReference; fileEncoding = 4; lastKnownFileType = text.json; path = qk.json; sourceTree = "<group>"; };
		D970527224DB5E1B00507F54 /* AzkarVc.swift */ = {isa = PBXFileReference; lastKnownFileType = sourcecode.swift; path = AzkarVc.swift; sourceTree = "<group>"; };
		D970527424DB600C00507F54 /* AzkarCell.swift */ = {isa = PBXFileReference; lastKnownFileType = sourcecode.swift; path = AzkarCell.swift; sourceTree = "<group>"; };
		D976CB9D24D049D700706B8E /* الجامع.app */ = {isa = PBXFileReference; explicitFileType = wrapper.application; includeInIndex = 0; path = "الجامع.app"; sourceTree = BUILT_PRODUCTS_DIR; };
		D976CBA024D049D700706B8E /* AppDelegate.swift */ = {isa = PBXFileReference; lastKnownFileType = sourcecode.swift; path = AppDelegate.swift; sourceTree = "<group>"; };
		D976CBA224D049D700706B8E /* SceneDelegate.swift */ = {isa = PBXFileReference; lastKnownFileType = sourcecode.swift; path = SceneDelegate.swift; sourceTree = "<group>"; };
		D976CBA424D049D700706B8E /* ViewController.swift */ = {isa = PBXFileReference; lastKnownFileType = sourcecode.swift; path = ViewController.swift; sourceTree = "<group>"; };
		D976CBA724D049D700706B8E /* Base */ = {isa = PBXFileReference; lastKnownFileType = file.storyboard; name = Base; path = Base.lproj/Main.storyboard; sourceTree = "<group>"; };
		D976CBA924D049DF00706B8E /* Assets.xcassets */ = {isa = PBXFileReference; lastKnownFileType = folder.assetcatalog; path = Assets.xcassets; sourceTree = "<group>"; };
		D976CBAC24D049DF00706B8E /* Base */ = {isa = PBXFileReference; lastKnownFileType = file.storyboard; name = Base; path = Base.lproj/LaunchScreen.storyboard; sourceTree = "<group>"; };
		D976CBAE24D049DF00706B8E /* Info.plist */ = {isa = PBXFileReference; lastKnownFileType = text.plist.xml; path = Info.plist; sourceTree = "<group>"; };
		D976CBB424D04A3600706B8E /* azkar.json */ = {isa = PBXFileReference; fileEncoding = 4; lastKnownFileType = text.json; path = azkar.json; sourceTree = "<group>"; };
		D976CBB524D04A3600706B8E /* fakehadith.json */ = {isa = PBXFileReference; fileEncoding = 4; lastKnownFileType = text.json; path = fakehadith.json; sourceTree = "<group>"; };
		D976CBB924D04D3C00706B8E /* Azkar.swift */ = {isa = PBXFileReference; fileEncoding = 4; lastKnownFileType = sourcecode.swift; path = Azkar.swift; sourceTree = "<group>"; };
		D976CBC024D04E5600706B8E /*  Dataloader.swift */ = {isa = PBXFileReference; lastKnownFileType = sourcecode.swift; path = " Dataloader.swift"; sourceTree = "<group>"; };
		D976CBC224D0651300706B8E /* shows.swift */ = {isa = PBXFileReference; lastKnownFileType = sourcecode.swift; path = shows.swift; sourceTree = "<group>"; };
		D976CBC324D0651300706B8E /* shows.xib */ = {isa = PBXFileReference; lastKnownFileType = file.xib; path = shows.xib; sourceTree = "<group>"; };
		D976CBC624D0824500706B8E /* Tasbih.swift */ = {isa = PBXFileReference; lastKnownFileType = sourcecode.swift; path = Tasbih.swift; sourceTree = "<group>"; };
		D9B3C79924DC510600232254 /* FakedHadith.swift */ = {isa = PBXFileReference; fileEncoding = 4; lastKnownFileType = sourcecode.swift; path = FakedHadith.swift; sourceTree = "<group>"; };
		D9B3C79B24DC522300232254 /* hadithloader.swift */ = {isa = PBXFileReference; lastKnownFileType = sourcecode.swift; path = hadithloader.swift; sourceTree = "<group>"; };
		D9B3C79D24DC543200232254 /* hadithFake.swift */ = {isa = PBXFileReference; lastKnownFileType = sourcecode.swift; path = hadithFake.swift; sourceTree = "<group>"; };
		D9B3C79F24DC545400232254 /* hatithfackecell.swift */ = {isa = PBXFileReference; lastKnownFileType = sourcecode.swift; path = hatithfackecell.swift; sourceTree = "<group>"; };
/* End PBXFileReference section */

/* Begin PBXFrameworksBuildPhase section */
		D976CB9A24D049D700706B8E /* Frameworks */ = {
			isa = PBXFrameworksBuildPhase;
			buildActionMask = 2147483647;
			files = (
			);
			runOnlyForDeploymentPostprocessing = 0;
		};
/* End PBXFrameworksBuildPhase section */

/* Begin PBXGroup section */
		D976CB9424D049D700706B8E = {
			isa = PBXGroup;
			children = (
				D976CB9F24D049D700706B8E /* الجامع */,
				D976CB9E24D049D700706B8E /* Products */,
			);
			sourceTree = "<group>";
		};
		D976CB9E24D049D700706B8E /* Products */ = {
			isa = PBXGroup;
			children = (
				D976CB9D24D049D700706B8E /* الجامع.app */,
			);
			name = Products;
			sourceTree = "<group>";
		};
		D976CB9F24D049D700706B8E /* الجامع */ = {
			isa = PBXGroup;
			children = (
				D976CBA024D049D700706B8E /* AppDelegate.swift */,
				D976CBA224D049D700706B8E /* SceneDelegate.swift */,
				D976CBBD24D04D4200706B8E /* Model */,
				D976CBBE24D04D5600706B8E /* View */,
				D976CBBF24D04D9B00706B8E /* controller */,
				D976CBB824D04A4100706B8E /* JSON Files */,
				D976CBA924D049DF00706B8E /* Assets.xcassets */,
				D976CBAB24D049DF00706B8E /* LaunchScreen.storyboard */,
				D976CBAE24D049DF00706B8E /* Info.plist */,
			);
			path = "الجامع";
			sourceTree = "<group>";
		};
		D976CBB824D04A4100706B8E /* JSON Files */ = {
			isa = PBXGroup;
			children = (
				D976CBB424D04A3600706B8E /* azkar.json */,
				D976CBB524D04A3600706B8E /* fakehadith.json */,
				D94CFD8924E02C99003DA377 /* qk.json */,
			);
			path = "JSON Files";
			sourceTree = "<group>";
		};
		D976CBBD24D04D4200706B8E /* Model */ = {
			isa = PBXGroup;
			children = (
				D976CBB924D04D3C00706B8E /* Azkar.swift */,
				D976CBC024D04E5600706B8E /*  Dataloader.swift */,
				D9B3C79924DC510600232254 /* FakedHadith.swift */,
				D9B3C79B24DC522300232254 /* hadithloader.swift */,
				D94CFD7F24E00907003DA377 /* Quran.swift */,
				D94CFD8124E0120A003DA377 /* quranloder.swift */,
			);
			path = Model;
			sourceTree = "<group>";
		};
		D976CBBE24D04D5600706B8E /* View */ = {
			isa = PBXGroup;
			children = (
				D976CBA624D049D700706B8E /* Main.storyboard */,
				D976CBC324D0651300706B8E /* shows.xib */,
			);
			path = View;
			sourceTree = "<group>";
		};
		D976CBBF24D04D9B00706B8E /* controller */ = {
			isa = PBXGroup;
			children = (
				D976CBA424D049D700706B8E /* ViewController.swift */,
				D976CBC224D0651300706B8E /* shows.swift */,
				D976CBC624D0824500706B8E /* Tasbih.swift */,
				D970527224DB5E1B00507F54 /* AzkarVc.swift */,
				D970527424DB600C00507F54 /* AzkarCell.swift */,
				D93DE4AF24DB721100C3DEED /* passData.swift */,
				D93DE4B124DB724D00C3DEED /* passDataVC.swift */,
				D9B3C79D24DC543200232254 /* hadithFake.swift */,
				D9B3C79F24DC545400232254 /* hatithfackecell.swift */,
				D94CFD8324E013CA003DA377 /* QuranVc.swift */,
				D94CFD8524E013E7003DA377 /* QuranCell.swift */,
			);
			path = controller;
			sourceTree = "<group>";
		};
/* End PBXGroup section */

/* Begin PBXNativeTarget section */
		D976CB9C24D049D700706B8E /* الجامع */ = {
			isa = PBXNativeTarget;
			buildConfigurationList = D976CBB124D049DF00706B8E /* Build configuration list for PBXNativeTarget "الجامع" */;
			buildPhases = (
				D976CB9924D049D700706B8E /* Sources */,
				D976CB9A24D049D700706B8E /* Frameworks */,
				D976CB9B24D049D700706B8E /* Resources */,
			);
			buildRules = (
			);
			dependencies = (
			);
			name = "الجامع";
			productName = "الجامع";
			productReference = D976CB9D24D049D700706B8E /* الجامع.app */;
			productType = "com.apple.product-type.application";
		};
/* End PBXNativeTarget section */

/* Begin PBXProject section */
		D976CB9524D049D700706B8E /* Project object */ = {
			isa = PBXProject;
			attributes = {
				LastSwiftUpdateCheck = 1150;
				LastUpgradeCheck = 1150;
				ORGANIZATIONNAME = Mohamed;
				TargetAttributes = {
					D976CB9C24D049D700706B8E = {
						CreatedOnToolsVersion = 11.5;
					};
				};
			};
			buildConfigurationList = D976CB9824D049D700706B8E /* Build configuration list for PBXProject "الجامع" */;
			compatibilityVersion = "Xcode 9.3";
			developmentRegion = en;
			hasScannedForEncodings = 0;
			knownRegions = (
				en,
				Base,
			);
			mainGroup = D976CB9424D049D700706B8E;
			productRefGroup = D976CB9E24D049D700706B8E /* Products */;
			projectDirPath = "";
			projectRoot = "";
			targets = (
				D976CB9C24D049D700706B8E /* الجامع */,
			);
		};
/* End PBXProject section */

/* Begin PBXResourcesBuildPhase section */
		D976CB9B24D049D700706B8E /* Resources */ = {
			isa = PBXResourcesBuildPhase;
			buildActionMask = 2147483647;
			files = (
				D976CBAD24D049DF00706B8E /* LaunchScreen.storyboard in Resources */,
				D976CBAA24D049DF00706B8E /* Assets.xcassets in Resources */,
				D94CFD8A24E02C99003DA377 /* qk.json in Resources */,
				D976CBA824D049D700706B8E /* Main.storyboard in Resources */,
				D976CBB724D04A3600706B8E /* fakehadith.json in Resources */,
				D976CBC524D0651300706B8E /* shows.xib in Resources */,
				D976CBB624D04A3600706B8E /* azkar.json in Resources */,
			);
			runOnlyForDeploymentPostprocessing = 0;
		};
/* End PBXResourcesBuildPhase section */

/* Begin PBXSourcesBuildPhase section */
		D976CB9924D049D700706B8E /* Sources */ = {
			isa = PBXSourcesBuildPhase;
			buildActionMask = 2147483647;
			files = (
				D94CFD8424E013CA003DA377 /* QuranVc.swift in Sources */,
				D970527524DB600C00507F54 /* AzkarCell.swift in Sources */,
				D976CBA524D049D700706B8E /* ViewController.swift in Sources */,
				D94CFD8224E0120A003DA377 /* quranloder.swift in Sources */,
				D9B3C79E24DC543200232254 /* hadithFake.swift in Sources */,
				D976CBA124D049D700706B8E /* AppDelegate.swift in Sources */,
				D970527324DB5E1B00507F54 /* AzkarVc.swift in Sources */,
				D9B3C7A024DC545400232254 /* hatithfackecell.swift in Sources */,
				D976CBA324D049D700706B8E /* SceneDelegate.swift in Sources */,
				D9B3C79A24DC510600232254 /* FakedHadith.swift in Sources */,
				D976CBBB24D04D3C00706B8E /* Azkar.swift in Sources */,
				D93DE4B224DB724D00C3DEED /* passDataVC.swift in Sources */,
				D93DE4B024DB721100C3DEED /* passData.swift in Sources */,
				D976CBC424D0651300706B8E /* shows.swift in Sources */,
				D976CBC124D04E5600706B8E /*  Dataloader.swift in Sources */,
				D94CFD8024E00907003DA377 /* Quran.swift in Sources */,
				D94CFD8624E013E7003DA377 /* QuranCell.swift in Sources */,
				D976CBC724D0824500706B8E /* Tasbih.swift in Sources */,
				D9B3C79C24DC522300232254 /* hadithloader.swift in Sources */,
			);
			runOnlyForDeploymentPostprocessing = 0;
		};
/* End PBXSourcesBuildPhase section */

/* Begin PBXVariantGroup section */
		D976CBA624D049D700706B8E /* Main.storyboard */ = {
			isa = PBXVariantGroup;
			children = (
				D976CBA724D049D700706B8E /* Base */,
			);
			name = Main.storyboard;
			sourceTree = "<group>";
		};
		D976CBAB24D049DF00706B8E /* LaunchScreen.storyboard */ = {
			isa = PBXVariantGroup;
			children = (
				D976CBAC24D049DF00706B8E /* Base */,
			);
			name = LaunchScreen.storyboard;
			sourceTree = "<group>";
		};
/* End PBXVariantGroup section */

/* Begin XCBuildConfiguration section */
		D976CBAF24D049DF00706B8E /* Debug */ = {
			isa = XCBuildConfiguration;
			buildSettings = {
				ALWAYS_SEARCH_USER_PATHS = NO;
				CLANG_ANALYZER_NONNULL = YES;
				CLANG_ANALYZER_NUMBER_OBJECT_CONVERSION = YES_AGGRESSIVE;
				CLANG_CXX_LANGUAGE_STANDARD = "gnu++14";
				CLANG_CXX_LIBRARY = "libc++";
				CLANG_ENABLE_MODULES = YES;
				CLANG_ENABLE_OBJC_ARC = YES;
				CLANG_ENABLE_OBJC_WEAK = YES;
				CLANG_WARN_BLOCK_CAPTURE_AUTORELEASING = YES;
				CLANG_WARN_BOOL_CONVERSION = YES;
				CLANG_WARN_COMMA = YES;
				CLANG_WARN_CONSTANT_CONVERSION = YES;
				CLANG_WARN_DEPRECATED_OBJC_IMPLEMENTATIONS = YES;
				CLANG_WARN_DIRECT_OBJC_ISA_USAGE = YES_ERROR;
				CLANG_WARN_DOCUMENTATION_COMMENTS = YES;
				CLANG_WARN_EMPTY_BODY = YES;
				CLANG_WARN_ENUM_CONVERSION = YES;
				CLANG_WARN_INFINITE_RECURSION = YES;
				CLANG_WARN_INT_CONVERSION = YES;
				CLANG_WARN_NON_LITERAL_NULL_CONVERSION = YES;
				CLANG_WARN_OBJC_IMPLICIT_RETAIN_SELF = YES;
				CLANG_WARN_OBJC_LITERAL_CONVERSION = YES;
				CLANG_WARN_OBJC_ROOT_CLASS = YES_ERROR;
				CLANG_WARN_RANGE_LOOP_ANALYSIS = YES;
				CLANG_WARN_STRICT_PROTOTYPES = YES;
				CLANG_WARN_SUSPICIOUS_MOVE = YES;
				CLANG_WARN_UNGUARDED_AVAILABILITY = YES_AGGRESSIVE;
				CLANG_WARN_UNREACHABLE_CODE = YES;
				CLANG_WARN__DUPLICATE_METHOD_MATCH = YES;
				COPY_PHASE_STRIP = NO;
				DEBUG_INFORMATION_FORMAT = dwarf;
				ENABLE_STRICT_OBJC_MSGSEND = YES;
				ENABLE_TESTABILITY = YES;
				GCC_C_LANGUAGE_STANDARD = gnu11;
				GCC_DYNAMIC_NO_PIC = NO;
				GCC_NO_COMMON_BLOCKS = YES;
				GCC_OPTIMIZATION_LEVEL = 0;
				GCC_PREPROCESSOR_DEFINITIONS = (
					"DEBUG=1",
					"$(inherited)",
				);
				GCC_WARN_64_TO_32_BIT_CONVERSION = YES;
				GCC_WARN_ABOUT_RETURN_TYPE = YES_ERROR;
				GCC_WARN_UNDECLARED_SELECTOR = YES;
				GCC_WARN_UNINITIALIZED_AUTOS = YES_AGGRESSIVE;
				GCC_WARN_UNUSED_FUNCTION = YES;
				GCC_WARN_UNUSED_VARIABLE = YES;
				IPHONEOS_DEPLOYMENT_TARGET = 13.5;
				MTL_ENABLE_DEBUG_INFO = INCLUDE_SOURCE;
				MTL_FAST_MATH = YES;
				ONLY_ACTIVE_ARCH = YES;
				SDKROOT = iphoneos;
				SWIFT_ACTIVE_COMPILATION_CONDITIONS = DEBUG;
				SWIFT_OPTIMIZATION_LEVEL = "-Onone";
			};
			name = Debug;
		};
		D976CBB024D049DF00706B8E /* Release */ = {
			isa = XCBuildConfiguration;
			buildSettings = {
				ALWAYS_SEARCH_USER_PATHS = NO;
				CLANG_ANALYZER_NONNULL = YES;
				CLANG_ANALYZER_NUMBER_OBJECT_CONVERSION = YES_AGGRESSIVE;
				CLANG_CXX_LANGUAGE_STANDARD = "gnu++14";
				CLANG_CXX_LIBRARY = "libc++";
				CLANG_ENABLE_MODULES = YES;
				CLANG_ENABLE_OBJC_ARC = YES;
				CLANG_ENABLE_OBJC_WEAK = YES;
				CLANG_WARN_BLOCK_CAPTURE_AUTORELEASING = YES;
				CLANG_WARN_BOOL_CONVERSION = YES;
				CLANG_WARN_COMMA = YES;
				CLANG_WARN_CONSTANT_CONVERSION = YES;
				CLANG_WARN_DEPRECATED_OBJC_IMPLEMENTATIONS = YES;
				CLANG_WARN_DIRECT_OBJC_ISA_USAGE = YES_ERROR;
				CLANG_WARN_DOCUMENTATION_COMMENTS = YES;
				CLANG_WARN_EMPTY_BODY = YES;
				CLANG_WARN_ENUM_CONVERSION = YES;
				CLANG_WARN_INFINITE_RECURSION = YES;
				CLANG_WARN_INT_CONVERSION = YES;
				CLANG_WARN_NON_LITERAL_NULL_CONVERSION = YES;
				CLANG_WARN_OBJC_IMPLICIT_RETAIN_SELF = YES;
				CLANG_WARN_OBJC_LITERAL_CONVERSION = YES;
				CLANG_WARN_OBJC_ROOT_CLASS = YES_ERROR;
				CLANG_WARN_RANGE_LOOP_ANALYSIS = YES;
				CLANG_WARN_STRICT_PROTOTYPES = YES;
				CLANG_WARN_SUSPICIOUS_MOVE = YES;
				CLANG_WARN_UNGUARDED_AVAILABILITY = YES_AGGRESSIVE;
				CLANG_WARN_UNREACHABLE_CODE = YES;
				CLANG_WARN__DUPLICATE_METHOD_MATCH = YES;
				COPY_PHASE_STRIP = NO;
				DEBUG_INFORMATION_FORMAT = "dwarf-with-dsym";
				ENABLE_NS_ASSERTIONS = NO;
				ENABLE_STRICT_OBJC_MSGSEND = YES;
				GCC_C_LANGUAGE_STANDARD = gnu11;
				GCC_NO_COMMON_BLOCKS = YES;
				GCC_WARN_64_TO_32_BIT_CONVERSION = YES;
				GCC_WARN_ABOUT_RETURN_TYPE = YES_ERROR;
				GCC_WARN_UNDECLARED_SELECTOR = YES;
				GCC_WARN_UNINITIALIZED_AUTOS = YES_AGGRESSIVE;
				GCC_WARN_UNUSED_FUNCTION = YES;
				GCC_WARN_UNUSED_VARIABLE = YES;
				IPHONEOS_DEPLOYMENT_TARGET = 13.5;
				MTL_ENABLE_DEBUG_INFO = NO;
				MTL_FAST_MATH = YES;
				SDKROOT = iphoneos;
				SWIFT_COMPILATION_MODE = wholemodule;
				SWIFT_OPTIMIZATION_LEVEL = "-O";
				VALIDATE_PRODUCT = YES;
			};
			name = Release;
		};
		D976CBB224D049DF00706B8E /* Debug */ = {
			isa = XCBuildConfiguration;
			buildSettings = {
				ASSETCATALOG_COMPILER_APPICON_NAME = AppIcon;
				CODE_SIGN_STYLE = Automatic;
				INFOPLIST_FILE = "الجامع/Info.plist";
				LD_RUNPATH_SEARCH_PATHS = (
					"$(inherited)",
					"@executable_path/Frameworks",
				);
				PRODUCT_BUNDLE_IDENTIFIER = "com.soda.------";
				PRODUCT_NAME = "$(TARGET_NAME)";
				SWIFT_VERSION = 5.0;
				TARGETED_DEVICE_FAMILY = "1,2";
			};
			name = Debug;
		};
		D976CBB324D049DF00706B8E /* Release */ = {
			isa = XCBuildConfiguration;
			buildSettings = {
				ASSETCATALOG_COMPILER_APPICON_NAME = AppIcon;
				CODE_SIGN_STYLE = Automatic;
				INFOPLIST_FILE = "الجامع/Info.plist";
				LD_RUNPATH_SEARCH_PATHS = (
					"$(inherited)",
					"@executable_path/Frameworks",
				);
				PRODUCT_BUNDLE_IDENTIFIER = "com.soda.------";
				PRODUCT_NAME = "$(TARGET_NAME)";
				SWIFT_VERSION = 5.0;
				TARGETED_DEVICE_FAMILY = "1,2";
			};
			name = Release;
		};
/* End XCBuildConfiguration section */

/* Begin XCConfigurationList section */
		D976CB9824D049D700706B8E /* Build configuration list for PBXProject "الجامع" */ = {
			isa = XCConfigurationList;
			buildConfigurations = (
				D976CBAF24D049DF00706B8E /* Debug */,
				D976CBB024D049DF00706B8E /* Release */,
			);
			defaultConfigurationIsVisible = 0;
			defaultConfigurationName = Release;
		};
		D976CBB124D049DF00706B8E /* Build configuration list for PBXNativeTarget "الجامع" */ = {
			isa = XCConfigurationList;
			buildConfigurations = (
				D976CBB224D049DF00706B8E /* Debug */,
				D976CBB324D049DF00706B8E /* Release */,
			);
			defaultConfigurationIsVisible = 0;
			defaultConfigurationName = Release;
		};
/* End XCConfigurationList section */
	};
	rootObject = D976CB9524D049D700706B8E /* Project object */;
}
